
Microsoft Visual Studio Solution File, Format Version 12.00
# Visual Studio 15
VisualStudioVersion = 15.0.26430.6
MinimumVisualStudioVersion = 10.0.40219.1
Project("{FAE04EC0-301F-11D3-BF4B-00C04F79EFBC}") = "Suigin", "Suigin\Suigin.csproj", "{42A8CB2C-CD0A-46A7-A8F6-1464F2E541A0}"
EndProject
Project("{FAE04EC0-301F-11D3-BF4B-00C04F79EFBC}") = "SuiginTest", "SuiginTest\SuiginTest.csproj", "{325FF5CB-2C2A-4DFC-9C52-5771D9BF1FD5}"
EndProject
Project("{FAE04EC0-301F-11D3-BF4B-00C04F79EFBC}") = "Metaphor", "Metaphor\Metaphor.csproj", "{AE625C7E-87CA-4BEE-8DF3-3081192B8203}"
EndProject
Global
	GlobalSection(SolutionConfigurationPlatforms) = preSolution
		Debug|Any CPU = Debug|Any CPU
		Release|Any CPU = Release|Any CPU
	EndGlobalSection
	GlobalSection(ProjectConfigurationPlatforms) = postSolution
		{42A8CB2C-CD0A-46A7-A8F6-1464F2E541A0}.Debug|Any CPU.ActiveCfg = Debug|Any CPU
		{42A8CB2C-CD0A-46A7-A8F6-1464F2E541A0}.Debug|Any CPU.Build.0 = Debug|Any CPU
		{42A8CB2C-CD0A-46A7-A8F6-1464F2E541A0}.Release|Any CPU.ActiveCfg = Release|Any CPU
		{42A8CB2C-CD0A-46A7-A8F6-1464F2E541A0}.Release|Any CPU.Build.0 = Release|Any CPU
		{325FF5CB-2C2A-4DFC-9C52-5771D9BF1FD5}.Debug|Any CPU.ActiveCfg = Debug|Any CPU
		{325FF5CB-2C2A-4DFC-9C52-5771D9BF1FD5}.Debug|Any CPU.Build.0 = Debug|Any CPU
		{325FF5CB-2C2A-4DFC-9C52-5771D9BF1FD5}.Release|Any CPU.ActiveCfg = Release|Any CPU
		{325FF5CB-2C2A-4DFC-9C52-5771D9BF1FD5}.Release|Any CPU.Build.0 = Release|Any CPU
		{AE625C7E-87CA-4BEE-8DF3-3081192B8203}.Debug|Any CPU.ActiveCfg = Debug|Any CPU
		{AE625C7E-87CA-4BEE-8DF3-3081192B8203}.Debug|Any CPU.Build.0 = Debug|Any CPU
		{AE625C7E-87CA-4BEE-8DF3-3081192B8203}.Release|Any CPU.ActiveCfg = Release|Any CPU
		{AE625C7E-87CA-4BEE-8DF3-3081192B8203}.Release|Any CPU.Build.0 = Release|Any CPU
	EndGlobalSection
	GlobalSection(SolutionProperties) = preSolution
		HideSolutionNode = FALSE
	EndGlobalSection
EndGlobal
